PODS:
  - ZappPlugins (6.0.5)

DEPENDENCIES:
  - ZappPlugins (from `Submodules/ZappPlugins/ZappPlugins-Dev.podspec`)

EXTERNAL SOURCES:
  ZappPlugins:
    :path: Submodules/ZappPlugins/ZappPlugins-Dev.podspec

SPEC CHECKSUMS:
  ZappPlugins: 735b9a04e6220b2b02b6d5c0bffeb1d6a3cf8548

PODFILE CHECKSUM: 0d9ac86944039d5e3c59970b5b94a60d6708f883

COCOAPODS: 1.5.3
