PODS:
  - ZappCore (0.8.1)
  - ZappPlugins (11.6.0):
    - ZappCore

DEPENDENCIES:
  - "ZappCore (from `git@github.com:applicaster/AppleApplicasterFrameworks.git`, branch `master`)"
  - "ZappPlugins (from `git@github.com:applicaster/ZappPlugins.2.0-iOS.git`, branch `master`)"

EXTERNAL SOURCES:
  ZappCore:
    :branch: master
    :git: "git@github.com:applicaster/AppleApplicasterFrameworks.git"
  ZappPlugins:
    :branch: master
    :git: "git@github.com:applicaster/ZappPlugins.2.0-iOS.git"

CHECKOUT OPTIONS:
  ZappCore:
    :commit: c26e49e16455d9b5ac54c04bc6ca840b89133576
    :git: "git@github.com:applicaster/AppleApplicasterFrameworks.git"
  ZappPlugins:
    :commit: 5337ec585d55d762f684900f3ce74805e5c287c0
    :git: "git@github.com:applicaster/ZappPlugins.2.0-iOS.git"

SPEC CHECKSUMS:
  ZappCore: 89bd816360195ca849931b75acb05c974fc469f6
  ZappPlugins: 02c4eac25b24ae7a0df1fec5bf8d216734d081ce

PODFILE CHECKSUM: 114793600a61ecc4687f0c97b90540ab33ed93e9

COCOAPODS: 1.7.5
